
Microsoft Visual Studio Solution File, Format Version 12.00
Project("{FAE04EC0-301F-11D3-BF4B-00C04F79EFBC}") = "WindowsWatercoolerDisplay", "WindowsWatercoolerDisplay\WindowsWatercoolerDisplay.csproj", "{31DABE9F-EA65-4474-AB4C-217F839BEE89}"
EndProject
Global
	GlobalSection(SolutionConfigurationPlatforms) = preSolution
		Debug|Any CPU = Debug|Any CPU
		Release|Any CPU = Release|Any CPU
	EndGlobalSection
	GlobalSection(ProjectConfigurationPlatforms) = postSolution
		{31DABE9F-EA65-4474-AB4C-217F839BEE89}.Debug|Any CPU.ActiveCfg = Debug|Any CPU
		{31DABE9F-EA65-4474-AB4C-217F839BEE89}.Debug|Any CPU.Build.0 = Debug|Any CPU
		{31DABE9F-EA65-4474-AB4C-217F839BEE89}.Release|Any CPU.ActiveCfg = Release|Any CPU
		{31DABE9F-EA65-4474-AB4C-217F839BEE89}.Release|Any CPU.Build.0 = Release|Any CPU
	EndGlobalSection
EndGlobal
